
Microsoft Visual Studio Solution File, Format Version 12.00
# Visual Studio Version 17
VisualStudioVersion = 17.1.32421.90
MinimumVisualStudioVersion = 10.0.40219.1
Project("{FAE04EC0-301F-11D3-BF4B-00C04F79EFBC}") = "Kartverket.ReportGenerator", "Kartverket.ReportGenerator\Kartverket.ReportGenerator.csproj", "{9741A067-079D-44C7-86EA-C394899E5C4F}"
EndProject
Project("{FAE04EC0-301F-11D3-BF4B-00C04F79EFBC}") = "Kartverket.ReportApi", "Kartverket.ReportApi\Kartverket.ReportApi.csproj", "{A5B650B8-98DC-4671-8856-B87440A1892A}"
EndProject
Global
	GlobalSection(SolutionConfigurationPlatforms) = preSolution
		Debug|Any CPU = Debug|Any CPU
		Dev|Any CPU = Dev|Any CPU
		Release|Any CPU = Release|Any CPU
		Test|Any CPU = Test|Any CPU
	EndGlobalSection
	GlobalSection(ProjectConfigurationPlatforms) = postSolution
		{9741A067-079D-44C7-86EA-C394899E5C4F}.Debug|Any CPU.ActiveCfg = Debug|Any CPU
		{9741A067-079D-44C7-86EA-C394899E5C4F}.Debug|Any CPU.Build.0 = Debug|Any CPU
		{9741A067-079D-44C7-86EA-C394899E5C4F}.Dev|Any CPU.ActiveCfg = Dev|Any CPU
		{9741A067-079D-44C7-86EA-C394899E5C4F}.Dev|Any CPU.Build.0 = Dev|Any CPU
		{9741A067-079D-44C7-86EA-C394899E5C4F}.Release|Any CPU.ActiveCfg = Release|Any CPU
		{9741A067-079D-44C7-86EA-C394899E5C4F}.Release|Any CPU.Build.0 = Release|Any CPU
		{9741A067-079D-44C7-86EA-C394899E5C4F}.Test|Any CPU.ActiveCfg = Test|Any CPU
		{9741A067-079D-44C7-86EA-C394899E5C4F}.Test|Any CPU.Build.0 = Test|Any CPU
		{A5B650B8-98DC-4671-8856-B87440A1892A}.Debug|Any CPU.ActiveCfg = Debug|Any CPU
		{A5B650B8-98DC-4671-8856-B87440A1892A}.Debug|Any CPU.Build.0 = Debug|Any CPU
		{A5B650B8-98DC-4671-8856-B87440A1892A}.Dev|Any CPU.ActiveCfg = Debug|Any CPU
		{A5B650B8-98DC-4671-8856-B87440A1892A}.Dev|Any CPU.Build.0 = Debug|Any CPU
		{A5B650B8-98DC-4671-8856-B87440A1892A}.Release|Any CPU.ActiveCfg = Release|Any CPU
		{A5B650B8-98DC-4671-8856-B87440A1892A}.Release|Any CPU.Build.0 = Release|Any CPU
		{A5B650B8-98DC-4671-8856-B87440A1892A}.Test|Any CPU.ActiveCfg = Release|Any CPU
		{A5B650B8-98DC-4671-8856-B87440A1892A}.Test|Any CPU.Build.0 = Release|Any CPU
	EndGlobalSection
	GlobalSection(SolutionProperties) = preSolution
		HideSolutionNode = FALSE
	EndGlobalSection
	GlobalSection(ExtensibilityGlobals) = postSolution
		SolutionGuid = {62C10B40-5687-4B9A-B9C2-FABA0014FD8D}
	EndGlobalSection
EndGlobal
